<?xml version="1.0" encoding="utf-8"?>
<Project ToolsVersion="4.0" xmlns="http://schemas.microsoft.com/developer/msbuild/2003">
  <ItemGroup>
    <Filter Include="Source Files">
      <UniqueIdentifier>{4FC737F1-C7A5-4376-A066-2A32D752A2FF}</UniqueIdentifier>
      <Extensions>cpp;c;cc;cxx;def;odl;idl;hpj;bat;asm;asmx</Extensions>
    </Filter>
    <Filter Include="Source Files\mason">
      <UniqueIdentifier>{a1d73082-e27a-4e00-9d55-5c4639ed148c}</UniqueIdentifier>
    </Filter>
    <Filter Include="Blocks">
      <UniqueIdentifier>{3952f237-d382-4e85-8697-0782f745884d}</UniqueIdentifier>
    </Filter>
    <Filter Include="Blocks\Cinder-View">
      <UniqueIdentifier>{76ad9b3a-cb41-4544-85ae-a02b2e9c2586}</UniqueIdentifier>
    </Filter>
    <Filter Include="Blocks\Cinder-View\src">
      <UniqueIdentifier>{f8ce0af8-9689-4d31-89d9-71409274f1f8}</UniqueIdentifier>
    </Filter>
    <Filter Include="Blocks\Cinder-View\src\mason">
      <UniqueIdentifier>{9f67744b-7daf-4306-b72c-c4c9099a4c5a}</UniqueIdentifier>
    </Filter>
    <Filter Include="Blocks\Cinder-Profiler">
      <UniqueIdentifier>{ade02a93-dba7-4ee7-9c96-378433b87187}</UniqueIdentifier>
    </Filter>
    <Filter Include="Blocks\Cinder-Profiler\src">
      <UniqueIdentifier>{c955a58e-037a-4404-923b-97b5fa068ae6}</UniqueIdentifier>
    </Filter>
    <Filter Include="Blocks\Cinder-View\src\fmt">
      <UniqueIdentifier>{6c2fcfa5-4821-4602-b4a5-5a5720e84072}</UniqueIdentifier>
    </Filter>
    <Filter Include="Source Files\mason\audio">
      <UniqueIdentifier>{1c99687e-39a2-48ee-86e5-ef29529ceea6}</UniqueIdentifier>
    </Filter>
    <Filter Include="Source Files\mason\ui">
      <UniqueIdentifier>{f032c0a5-e36a-4d0e-acb2-d3bf82809aa7}</UniqueIdentifier>
    </Filter>
    <Filter Include="Blocks\Cinder-View\src\vu">
      <UniqueIdentifier>{02631582-6fc9-4aad-9cb6-263326831ff5}</UniqueIdentifier>
    </Filter>
  </ItemGroup>
  <ItemGroup>
    <ClCompile Include="..\..\src\mason\Assets.cpp">
      <Filter>Source Files\mason</Filter>
    </ClCompile>
    <ClCompile Include="..\..\src\mason\Common.cpp">
      <Filter>Source Files\mason</Filter>
    </ClCompile>
    <ClCompile Include="..\..\src\mason\Hud.cpp">
      <Filter>Source Files\mason</Filter>
    </ClCompile>
    <ClCompile Include="..\..\src\mason\Notifications.cpp">
      <Filter>Source Files\mason</Filter>
    </ClCompile>
    <ClCompile Include="..\..\src\mason\VisualMonitor.cpp">
      <Filter>Source Files\mason</Filter>
    </ClCompile>
    <ClCompile Include="..\..\src\mason\WorldClock.cpp">
      <Filter>Source Files\mason</Filter>
    </ClCompile>
    <ClCompile Include="..\..\blocks\Cinder-Profiler\src\Profiler.cpp">
      <Filter>Blocks\Cinder-Profiler\src</Filter>
    </ClCompile>
    <ClCompile Include="..\..\src\mason\ParticleSystemGpu.cpp">
      <Filter>Source Files\mason</Filter>
    </ClCompile>
    <ClCompile Include="..\..\src\mason\Config.cpp">
      <Filter>Source Files\mason</Filter>
    </ClCompile>
    <ClCompile Include="..\..\blocks\Cinder-View\src\fmt\format.cc">
      <Filter>Blocks\Cinder-View\src\fmt</Filter>
    </ClCompile>
    <ClCompile Include="..\..\src\mason\FlyCam.cpp">
      <Filter>Source Files\mason</Filter>
    </ClCompile>
    <ClCompile Include="..\..\src\mason\LUT.cpp">
      <Filter>Source Files\mason</Filter>
    </ClCompile>
    <ClCompile Include="..\..\src\mason\audio\AudioAnalyzer.cpp">
      <Filter>Source Files\mason\audio</Filter>
    </ClCompile>
    <ClCompile Include="..\..\src\mason\ui\AudioAnalyzerView.cpp">
      <Filter>Source Files\mason\ui</Filter>
    </ClCompile>
    <ClCompile Include="..\..\src\mason\ui\DraggableView.cpp">
      <Filter>Source Files\mason\ui</Filter>
    </ClCompile>
    <ClCompile Include="..\..\src\mason\audio\OfflineContext.cpp">
      <Filter>Source Files\mason\audio</Filter>
    </ClCompile>
    <ClCompile Include="..\..\src\mason\ui\AudioViews.cpp">
      <Filter>Source Files\mason\ui</Filter>
    </ClCompile>
    <ClCompile Include="..\..\src\mason\ui\AudioMonitor.cpp">
      <Filter>Source Files\mason\ui</Filter>
    </ClCompile>
    <ClCompile Include="..\..\src\mason\audio\Effects.cpp">
      <Filter>Source Files\mason\audio</Filter>
    </ClCompile>
    <ClCompile Include="..\..\src\mason\audio\Gens.cpp">
      <Filter>Source Files\mason\audio</Filter>
    </ClCompile>
    <ClCompile Include="..\..\src\mason\audio\CompressorNode.cpp">
      <Filter>Source Files\mason\audio</Filter>
    </ClCompile>
    <ClCompile Include="..\..\src\mason\audio\ProfilerNode.cpp">
      <Filter>Source Files\mason\audio</Filter>
    </ClCompile>
    <ClCompile Include="..\..\src\mason\Dispatch.cpp">
      <Filter>Source Files\mason</Filter>
    </ClCompile>
    <ClCompile Include="..\..\src\mason\RenderToTexture.cpp">
      <Filter>Source Files\mason</Filter>
    </ClCompile>
    <ClCompile Include="..\..\src\mason\glutils.cpp">
      <Filter>Source Files\mason</Filter>
    </ClCompile>
    <ClCompile Include="..\..\src\mason\Info.cpp">
      <Filter>Source Files\mason</Filter>
    </ClCompile>
    <ClCompile Include="..\..\blocks\Cinder-View\src\vu\Control.cpp">
      <Filter>Blocks\Cinder-View\src\vu</Filter>
    </ClCompile>
    <ClCompile Include="..\..\blocks\Cinder-View\src\vu\Filter.cpp">
      <Filter>Blocks\Cinder-View\src\vu</Filter>
    </ClCompile>
    <ClCompile Include="..\..\blocks\Cinder-View\src\vu\GestureTracker.cpp">
      <Filter>Blocks\Cinder-View\src\vu</Filter>
    </ClCompile>
    <ClCompile Include="..\..\blocks\Cinder-View\src\vu\Graph.cpp">
      <Filter>Blocks\Cinder-View\src\vu</Filter>
    </ClCompile>
    <ClCompile Include="..\..\blocks\Cinder-View\src\vu\Image.cpp">
      <Filter>Blocks\Cinder-View\src\vu</Filter>
    </ClCompile>
    <ClCompile Include="..\..\blocks\Cinder-View\src\vu\ImageView.cpp">
      <Filter>Blocks\Cinder-View\src\vu</Filter>
    </ClCompile>
    <ClCompile Include="..\..\blocks\Cinder-View\src\vu\Interface3d.cpp">
      <Filter>Blocks\Cinder-View\src\vu</Filter>
    </ClCompile>
    <ClCompile Include="..\..\blocks\Cinder-View\src\vu\Label.cpp">
      <Filter>Blocks\Cinder-View\src\vu</Filter>
    </ClCompile>
    <ClCompile Include="..\..\blocks\Cinder-View\src\vu\Layer.cpp">
      <Filter>Blocks\Cinder-View\src\vu</Filter>
    </ClCompile>
    <ClCompile Include="..\..\blocks\Cinder-View\src\vu\Layout.cpp">
      <Filter>Blocks\Cinder-View\src\vu</Filter>
    </ClCompile>
    <ClCompile Include="..\..\blocks\Cinder-View\src\vu\Renderer.cpp">
      <Filter>Blocks\Cinder-View\src\vu</Filter>
    </ClCompile>
    <ClCompile Include="..\..\blocks\Cinder-View\src\vu\ScrollView.cpp">
      <Filter>Blocks\Cinder-View\src\vu</Filter>
    </ClCompile>
    <ClCompile Include="..\..\blocks\Cinder-View\src\vu\Suite.cpp">
      <Filter>Blocks\Cinder-View\src\vu</Filter>
    </ClCompile>
    <ClCompile Include="..\..\blocks\Cinder-View\src\vu\TextField.cpp">
      <Filter>Blocks\Cinder-View\src\vu</Filter>
    </ClCompile>
    <ClCompile Include="..\..\blocks\Cinder-View\src\vu\TextManager.cpp">
      <Filter>Blocks\Cinder-View\src\vu</Filter>
    </ClCompile>
    <ClCompile Include="..\..\blocks\Cinder-View\src\vu\View.cpp">
      <Filter>Blocks\Cinder-View\src\vu</Filter>
    </ClCompile>
    <ClCompile Include="..\..\src\mason\Shadertoy.cpp">
      <Filter>Source Files\mason</Filter>
    </ClCompile>
  </ItemGroup>
  <ItemGroup>
    <ClInclude Include="..\..\src\mason\Assets.h">
      <Filter>Source Files\mason</Filter>
    </ClInclude>
    <ClInclude Include="..\..\src\mason\Common.h">
      <Filter>Source Files\mason</Filter>
    </ClInclude>
    <ClInclude Include="..\..\src\mason\Hud.h">
      <Filter>Source Files\mason</Filter>
    </ClInclude>
    <ClInclude Include="..\..\src\mason\Mason.h">
      <Filter>Source Files\mason</Filter>
    </ClInclude>
    <ClInclude Include="..\..\src\mason\Notifications.h">
      <Filter>Source Files\mason</Filter>
    </ClInclude>
    <ClInclude Include="..\..\src\mason\Var.h">
      <Filter>Source Files\mason</Filter>
    </ClInclude>
    <ClInclude Include="..\..\src\mason\VisualMonitor.h">
      <Filter>Source Files\mason</Filter>
    </ClInclude>
    <ClInclude Include="..\..\src\mason\WorldClock.h">
      <Filter>Source Files\mason</Filter>
    </ClInclude>
    <ClInclude Include="..\..\blocks\Cinder-View\src\mason\Factory.h">
      <Filter>Blocks\Cinder-View\src\mason</Filter>
    </ClInclude>
    <ClInclude Include="..\..\blocks\Cinder-Profiler\src\Profiler.h">
      <Filter>Blocks\Cinder-Profiler\src</Filter>
    </ClInclude>
    <ClInclude Include="..\..\src\mason\Profiling.h">
      <Filter>Source Files\mason</Filter>
    </ClInclude>
    <ClInclude Include="..\..\src\mason\ParticleSystemGpu.h">
      <Filter>Source Files\mason</Filter>
    </ClInclude>
    <ClInclude Include="..\..\src\mason\Config.h">
      <Filter>Source Files\mason</Filter>
    </ClInclude>
    <ClInclude Include="..\..\blocks\Cinder-View\src\fmt\format.h">
      <Filter>Blocks\Cinder-View\src\fmt</Filter>
    </ClInclude>
    <ClInclude Include="..\..\src\mason\Export.h">
      <Filter>Source Files\mason</Filter>
    </ClInclude>
    <ClInclude Include="..\..\src\mason\FlyCam.h">
      <Filter>Source Files\mason</Filter>
    </ClInclude>
    <ClInclude Include="..\..\src\mason\ShaderControls.h">
      <Filter>Source Files\mason</Filter>
    </ClInclude>
    <ClInclude Include="..\..\src\mason\LUT.h">
      <Filter>Source Files\mason</Filter>
    </ClInclude>
    <ClInclude Include="..\..\src\mason\audio\AudioAnalyzer.h">
      <Filter>Source Files\mason\audio</Filter>
    </ClInclude>
    <ClInclude Include="..\..\src\mason\ui\AudioAnalyzerView.h">
      <Filter>Source Files\mason\ui</Filter>
    </ClInclude>
    <ClInclude Include="..\..\src\mason\ui\DraggableView.h">
      <Filter>Source Files\mason\ui</Filter>
    </ClInclude>
    <ClInclude Include="..\..\src\mason\audio\OfflineContext.h">
      <Filter>Source Files\mason\audio</Filter>
    </ClInclude>
    <ClInclude Include="..\..\src\mason\ui\AudioViews.h">
      <Filter>Source Files\mason\ui</Filter>
    </ClInclude>
    <ClInclude Include="..\..\src\mason\ui\AudioMonitor.h">
      <Filter>Source Files\mason\ui</Filter>
    </ClInclude>
    <ClInclude Include="..\..\src\mason\audio\audio.h">
      <Filter>Source Files\mason\audio</Filter>
    </ClInclude>
    <ClInclude Include="..\..\src\mason\audio\Effects.h">
      <Filter>Source Files\mason\audio</Filter>
    </ClInclude>
    <ClInclude Include="..\..\src\mason\audio\Gens.h">
      <Filter>Source Files\mason\audio</Filter>
    </ClInclude>
    <ClInclude Include="..\..\src\mason\audio\CompressorNode.h">
      <Filter>Source Files\mason\audio</Filter>
    </ClInclude>
    <ClInclude Include="..\..\src\mason\audio\ProfilerNode.h">
      <Filter>Source Files\mason\audio</Filter>
    </ClInclude>
    <ClInclude Include="..\..\src\mason\MotionTracker.h">
      <Filter>Source Files\mason</Filter>
    </ClInclude>
    <ClInclude Include="..\..\src\mason\Dispatch.h">
      <Filter>Source Files\mason</Filter>
    </ClInclude>
    <ClInclude Include="..\..\src\mason\RenderToTexture.h">
      <Filter>Source Files\mason</Filter>
    </ClInclude>
    <ClInclude Include="..\..\src\mason\glutils.h">
      <Filter>Source Files\mason</Filter>
    </ClInclude>
    <ClInclude Include="..\..\src\mason\Info.h">
      <Filter>Source Files\mason</Filter>
    </ClInclude>
    <ClInclude Include="..\..\src\mason\prepareAppSettings.h">
      <Filter>Source Files\mason</Filter>
    </ClInclude>
    <ClInclude Include="..\..\blocks\Cinder-View\src\vu\Control.h">
      <Filter>Blocks\Cinder-View\src\vu</Filter>
    </ClInclude>
    <ClInclude Include="..\..\blocks\Cinder-View\src\vu\Debug.h">
      <Filter>Blocks\Cinder-View\src\vu</Filter>
    </ClInclude>
    <ClInclude Include="..\..\blocks\Cinder-View\src\vu\Export.h">
      <Filter>Blocks\Cinder-View\src\vu</Filter>
    </ClInclude>
    <ClInclude Include="..\..\blocks\Cinder-View\src\vu\Filter.h">
      <Filter>Blocks\Cinder-View\src\vu</Filter>
    </ClInclude>
    <ClInclude Include="..\..\blocks\Cinder-View\src\vu\GestureTracker.h">
      <Filter>Blocks\Cinder-View\src\vu</Filter>
    </ClInclude>
    <ClInclude Include="..\..\blocks\Cinder-View\src\vu\Graph.h">
      <Filter>Blocks\Cinder-View\src\vu</Filter>
    </ClInclude>
    <ClInclude Include="..\..\blocks\Cinder-View\src\vu\Image.h">
      <Filter>Blocks\Cinder-View\src\vu</Filter>
    </ClInclude>
    <ClInclude Include="..\..\blocks\Cinder-View\src\vu\ImageView.h">
      <Filter>Blocks\Cinder-View\src\vu</Filter>
    </ClInclude>
    <ClInclude Include="..\..\blocks\Cinder-View\src\vu\Interface3d.h">
      <Filter>Blocks\Cinder-View\src\vu</Filter>
    </ClInclude>
    <ClInclude Include="..\..\blocks\Cinder-View\src\vu\Label.h">
      <Filter>Blocks\Cinder-View\src\vu</Filter>
    </ClInclude>
    <ClInclude Include="..\..\blocks\Cinder-View\src\vu\Layer.h">
      <Filter>Blocks\Cinder-View\src\vu</Filter>
    </ClInclude>
    <ClInclude Include="..\..\blocks\Cinder-View\src\vu\Layout.h">
      <Filter>Blocks\Cinder-View\src\vu</Filter>
    </ClInclude>
    <ClInclude Include="..\..\blocks\Cinder-View\src\vu\Renderer.h">
      <Filter>Blocks\Cinder-View\src\vu</Filter>
    </ClInclude>
    <ClInclude Include="..\..\blocks\Cinder-View\src\vu\ScrollView.h">
      <Filter>Blocks\Cinder-View\src\vu</Filter>
    </ClInclude>
    <ClInclude Include="..\..\blocks\Cinder-View\src\vu\Suite.h">
      <Filter>Blocks\Cinder-View\src\vu</Filter>
    </ClInclude>
    <ClInclude Include="..\..\blocks\Cinder-View\src\vu\TextField.h">
      <Filter>Blocks\Cinder-View\src\vu</Filter>
    </ClInclude>
    <ClInclude Include="..\..\blocks\Cinder-View\src\vu\TextManager.h">
      <Filter>Blocks\Cinder-View\src\vu</Filter>
    </ClInclude>
    <ClInclude Include="..\..\blocks\Cinder-View\src\vu\View.h">
      <Filter>Blocks\Cinder-View\src\vu</Filter>
    </ClInclude>
    <ClInclude Include="..\..\blocks\Cinder-View\src\vu\vu.h">
      <Filter>Blocks\Cinder-View\src\vu</Filter>
    </ClInclude>
    <ClInclude Include="..\..\src\mason\Shadertoy.h">
      <Filter>Source Files\mason</Filter>
    </ClInclude>
  </ItemGroup>
</Project>