<?xml version="1.0" encoding="utf-8"?>
<Project ToolsVersion="4.0" xmlns="http://schemas.microsoft.com/developer/msbuild/2003">
  <ItemGroup>
    <Filter Include="Source Files">
      <UniqueIdentifier>{4FC737F1-C7A5-4376-A066-2A32D752A2FF}</UniqueIdentifier>
      <Extensions>cpp;c;cc;cxx;def;odl;idl;hpj;bat;asm;asmx</Extensions>
    </Filter>
    <Filter Include="Source Files\mason">
      <UniqueIdentifier>{a1d73082-e27a-4e00-9d55-5c4639ed148c}</UniqueIdentifier>
    </Filter>
    <Filter Include="Source Files\mason\ui">
      <UniqueIdentifier>{60f3c8d2-949e-4e76-8b32-cf8b2bd4b2be}</UniqueIdentifier>
    </Filter>
    <Filter Include="Blocks">
      <UniqueIdentifier>{3952f237-d382-4e85-8697-0782f745884d}</UniqueIdentifier>
    </Filter>
    <Filter Include="Blocks\Cinder-View">
      <UniqueIdentifier>{76ad9b3a-cb41-4544-85ae-a02b2e9c2586}</UniqueIdentifier>
    </Filter>
    <Filter Include="Blocks\Cinder-View\src">
      <UniqueIdentifier>{f8ce0af8-9689-4d31-89d9-71409274f1f8}</UniqueIdentifier>
    </Filter>
    <Filter Include="Blocks\Cinder-View\src\ui">
      <UniqueIdentifier>{31906279-8e9c-43e0-8224-13c6e9ba7fa8}</UniqueIdentifier>
    </Filter>
    <Filter Include="Blocks\Cinder-View\src\mason">
      <UniqueIdentifier>{9f67744b-7daf-4306-b72c-c4c9099a4c5a}</UniqueIdentifier>
    </Filter>
    <Filter Include="Blocks\Cinder-Profiler">
      <UniqueIdentifier>{ade02a93-dba7-4ee7-9c96-378433b87187}</UniqueIdentifier>
    </Filter>
    <Filter Include="Blocks\Cinder-Profiler\src">
      <UniqueIdentifier>{c955a58e-037a-4404-923b-97b5fa068ae6}</UniqueIdentifier>
    </Filter>
    <Filter Include="Blocks\Cinder-View\src\fmt">
      <UniqueIdentifier>{6c2fcfa5-4821-4602-b4a5-5a5720e84072}</UniqueIdentifier>
    </Filter>
  </ItemGroup>
  <ItemGroup>
    <ClCompile Include="..\..\src\mason\Assets.cpp">
      <Filter>Source Files\mason</Filter>
    </ClCompile>
    <ClCompile Include="..\..\src\mason\Common.cpp">
      <Filter>Source Files\mason</Filter>
    </ClCompile>
    <ClCompile Include="..\..\src\mason\Hud.cpp">
      <Filter>Source Files\mason</Filter>
    </ClCompile>
    <ClCompile Include="..\..\src\mason\Notifications.cpp">
      <Filter>Source Files\mason</Filter>
    </ClCompile>
    <ClCompile Include="..\..\src\mason\VisualMonitor.cpp">
      <Filter>Source Files\mason</Filter>
    </ClCompile>
    <ClCompile Include="..\..\src\mason\WorldClock.cpp">
      <Filter>Source Files\mason</Filter>
    </ClCompile>
    <ClCompile Include="..\..\src\mason\ui\Controls.cpp">
      <Filter>Source Files\mason\ui</Filter>
    </ClCompile>
    <ClCompile Include="..\..\blocks\Cinder-View\src\ui\Button.cpp">
      <Filter>Blocks\Cinder-View\src\ui</Filter>
    </ClCompile>
    <ClCompile Include="..\..\blocks\Cinder-View\src\ui\Control.cpp">
      <Filter>Blocks\Cinder-View\src\ui</Filter>
    </ClCompile>
    <ClCompile Include="..\..\blocks\Cinder-View\src\ui\Graph.cpp">
      <Filter>Blocks\Cinder-View\src\ui</Filter>
    </ClCompile>
    <ClCompile Include="..\..\blocks\Cinder-View\src\ui\Image.cpp">
      <Filter>Blocks\Cinder-View\src\ui</Filter>
    </ClCompile>
    <ClCompile Include="..\..\blocks\Cinder-View\src\ui\ImageView.cpp">
      <Filter>Blocks\Cinder-View\src\ui</Filter>
    </ClCompile>
    <ClCompile Include="..\..\blocks\Cinder-View\src\ui\Interface3d.cpp">
      <Filter>Blocks\Cinder-View\src\ui</Filter>
    </ClCompile>
    <ClCompile Include="..\..\blocks\Cinder-View\src\ui\Label.cpp">
      <Filter>Blocks\Cinder-View\src\ui</Filter>
    </ClCompile>
    <ClCompile Include="..\..\blocks\Cinder-View\src\ui\Layer.cpp">
      <Filter>Blocks\Cinder-View\src\ui</Filter>
    </ClCompile>
    <ClCompile Include="..\..\blocks\Cinder-View\src\ui\Renderer.cpp">
      <Filter>Blocks\Cinder-View\src\ui</Filter>
    </ClCompile>
    <ClCompile Include="..\..\blocks\Cinder-View\src\ui\ScrollView.cpp">
      <Filter>Blocks\Cinder-View\src\ui</Filter>
    </ClCompile>
    <ClCompile Include="..\..\blocks\Cinder-View\src\ui\Selector.cpp">
      <Filter>Blocks\Cinder-View\src\ui</Filter>
    </ClCompile>
    <ClCompile Include="..\..\blocks\Cinder-View\src\ui\Slider.cpp">
      <Filter>Blocks\Cinder-View\src\ui</Filter>
    </ClCompile>
    <ClCompile Include="..\..\blocks\Cinder-View\src\ui\Suite.cpp">
      <Filter>Blocks\Cinder-View\src\ui</Filter>
    </ClCompile>
    <ClCompile Include="..\..\blocks\Cinder-View\src\ui\TextManager.cpp">
      <Filter>Blocks\Cinder-View\src\ui</Filter>
    </ClCompile>
    <ClCompile Include="..\..\blocks\Cinder-View\src\ui\View.cpp">
      <Filter>Blocks\Cinder-View\src\ui</Filter>
    </ClCompile>
    <ClCompile Include="..\..\src\mason\FileWatcher.cpp">
      <Filter>Source Files\mason</Filter>
    </ClCompile>
    <ClCompile Include="..\..\blocks\Cinder-Profiler\src\Profiler.cpp">
      <Filter>Blocks\Cinder-Profiler\src</Filter>
    </ClCompile>
    <ClCompile Include="..\..\src\mason\ParticleSystemGpu.cpp">
      <Filter>Source Files\mason</Filter>
    </ClCompile>
    <ClCompile Include="..\..\src\mason\Dictionary.cpp">
      <Filter>Source Files\mason</Filter>
    </ClCompile>
    <ClCompile Include="..\..\blocks\Cinder-View\src\ui\Layout.cpp">
      <Filter>Blocks\Cinder-View\src\ui</Filter>
    </ClCompile>
    <ClCompile Include="..\..\blocks\Cinder-View\src\ui\Filter.cpp">
      <Filter>Blocks\Cinder-View\src\ui</Filter>
    </ClCompile>
    <ClCompile Include="..\..\src\mason\Config.cpp">
      <Filter>Source Files\mason</Filter>
    </ClCompile>
    <ClCompile Include="..\..\blocks\Cinder-View\src\fmt\format.cc">
      <Filter>Blocks\Cinder-View\src\fmt</Filter>
    </ClCompile>
    <ClCompile Include="..\..\src\mason\FlyCam.cpp">
      <Filter>Source Files\mason</Filter>
    </ClCompile>
  </ItemGroup>
  <ItemGroup>
    <ClInclude Include="..\..\src\mason\Assets.h">
      <Filter>Source Files\mason</Filter>
    </ClInclude>
    <ClInclude Include="..\..\src\mason\Common.h">
      <Filter>Source Files\mason</Filter>
    </ClInclude>
    <ClInclude Include="..\..\src\mason\Hud.h">
      <Filter>Source Files\mason</Filter>
    </ClInclude>
    <ClInclude Include="..\..\src\mason\Mason.h">
      <Filter>Source Files\mason</Filter>
    </ClInclude>
    <ClInclude Include="..\..\src\mason\Notifications.h">
      <Filter>Source Files\mason</Filter>
    </ClInclude>
    <ClInclude Include="..\..\src\mason\Var.h">
      <Filter>Source Files\mason</Filter>
    </ClInclude>
    <ClInclude Include="..\..\src\mason\VisualMonitor.h">
      <Filter>Source Files\mason</Filter>
    </ClInclude>
    <ClInclude Include="..\..\src\mason\WorldClock.h">
      <Filter>Source Files\mason</Filter>
    </ClInclude>
    <ClInclude Include="..\..\src\mason\ui\Controls.h">
      <Filter>Source Files\mason\ui</Filter>
    </ClInclude>
    <ClInclude Include="..\..\src\mason\ui\ShaderControls.h">
      <Filter>Source Files\mason\ui</Filter>
    </ClInclude>
    <ClInclude Include="..\..\blocks\Cinder-View\src\mason\Factory.h">
      <Filter>Blocks\Cinder-View\src\mason</Filter>
    </ClInclude>
    <ClInclude Include="..\..\blocks\Cinder-View\src\ui\Button.h">
      <Filter>Blocks\Cinder-View\src\ui</Filter>
    </ClInclude>
    <ClInclude Include="..\..\blocks\Cinder-View\src\ui\Control.h">
      <Filter>Blocks\Cinder-View\src\ui</Filter>
    </ClInclude>
    <ClInclude Include="..\..\blocks\Cinder-View\src\ui\Graph.h">
      <Filter>Blocks\Cinder-View\src\ui</Filter>
    </ClInclude>
    <ClInclude Include="..\..\blocks\Cinder-View\src\ui\Image.h">
      <Filter>Blocks\Cinder-View\src\ui</Filter>
    </ClInclude>
    <ClInclude Include="..\..\blocks\Cinder-View\src\ui\ImageView.h">
      <Filter>Blocks\Cinder-View\src\ui</Filter>
    </ClInclude>
    <ClInclude Include="..\..\blocks\Cinder-View\src\ui\Interface3d.h">
      <Filter>Blocks\Cinder-View\src\ui</Filter>
    </ClInclude>
    <ClInclude Include="..\..\blocks\Cinder-View\src\ui\Label.h">
      <Filter>Blocks\Cinder-View\src\ui</Filter>
    </ClInclude>
    <ClInclude Include="..\..\blocks\Cinder-View\src\ui\Layer.h">
      <Filter>Blocks\Cinder-View\src\ui</Filter>
    </ClInclude>
    <ClInclude Include="..\..\blocks\Cinder-View\src\ui\Renderer.h">
      <Filter>Blocks\Cinder-View\src\ui</Filter>
    </ClInclude>
    <ClInclude Include="..\..\blocks\Cinder-View\src\ui\ScrollView.h">
      <Filter>Blocks\Cinder-View\src\ui</Filter>
    </ClInclude>
    <ClInclude Include="..\..\blocks\Cinder-View\src\ui\Selector.h">
      <Filter>Blocks\Cinder-View\src\ui</Filter>
    </ClInclude>
    <ClInclude Include="..\..\blocks\Cinder-View\src\ui\Slider.h">
      <Filter>Blocks\Cinder-View\src\ui</Filter>
    </ClInclude>
    <ClInclude Include="..\..\blocks\Cinder-View\src\ui\Suite.h">
      <Filter>Blocks\Cinder-View\src\ui</Filter>
    </ClInclude>
    <ClInclude Include="..\..\blocks\Cinder-View\src\ui\TextManager.h">
      <Filter>Blocks\Cinder-View\src\ui</Filter>
    </ClInclude>
    <ClInclude Include="..\..\blocks\Cinder-View\src\ui\ui.h">
      <Filter>Blocks\Cinder-View\src\ui</Filter>
    </ClInclude>
    <ClInclude Include="..\..\blocks\Cinder-View\src\ui\View.h">
      <Filter>Blocks\Cinder-View\src\ui</Filter>
    </ClInclude>
    <ClInclude Include="..\..\src\mason\FileWatcher.h">
      <Filter>Source Files\mason</Filter>
    </ClInclude>
    <ClInclude Include="..\..\blocks\Cinder-Profiler\src\Profiler.h">
      <Filter>Blocks\Cinder-Profiler\src</Filter>
    </ClInclude>
    <ClInclude Include="..\..\src\mason\Profiling.h">
      <Filter>Source Files\mason</Filter>
    </ClInclude>
    <ClInclude Include="..\..\src\mason\ParticleSystemGpu.h">
      <Filter>Source Files\mason</Filter>
    </ClInclude>
    <ClInclude Include="..\..\src\mason\Dictionary.h">
      <Filter>Source Files\mason</Filter>
    </ClInclude>
    <ClInclude Include="..\..\blocks\Cinder-View\src\ui\Layout.h">
      <Filter>Blocks\Cinder-View\src\ui</Filter>
    </ClInclude>
    <ClInclude Include="..\..\blocks\Cinder-View\src\ui\Filter.h">
      <Filter>Blocks\Cinder-View\src\ui</Filter>
    </ClInclude>
    <ClInclude Include="..\..\src\mason\Config.h">
      <Filter>Source Files\mason</Filter>
    </ClInclude>
    <ClInclude Include="..\..\blocks\Cinder-View\src\ui\Export.h">
      <Filter>Blocks\Cinder-View\src\ui</Filter>
    </ClInclude>
    <ClInclude Include="..\..\blocks\Cinder-View\src\fmt\format.h">
      <Filter>Blocks\Cinder-View\src\fmt</Filter>
    </ClInclude>
    <ClInclude Include="..\..\src\mason\Export.h">
      <Filter>Source Files\mason</Filter>
    </ClInclude>
    <ClInclude Include="..\..\src\mason\FlyCam.h">
      <Filter>Source Files\mason</Filter>
    </ClInclude>
  </ItemGroup>
</Project>