<?xml version="1.0" encoding="utf-8"?>
<Project ToolsVersion="4.0" xmlns="http://schemas.microsoft.com/developer/msbuild/2003">
  <ItemGroup>
    <Filter Include="test\MasonTests\src">
      <UniqueIdentifier>{0a94229a-9b23-49db-ac6f-4c117b0d8d57}</UniqueIdentifier>
    </Filter>
    <Filter Include="test\MasonTests">
      <UniqueIdentifier>{5b09b861-92ba-41fb-b081-eefa824bb11f}</UniqueIdentifier>
    </Filter>
    <Filter Include="test">
      <UniqueIdentifier>{172bfa79-3e4b-498a-aa3a-8fdec47b7053}</UniqueIdentifier>
    </Filter>
    <Filter Include="test\MasonTests\src\motionjson">
      <UniqueIdentifier>{d527624a-c55f-4e75-9e47-d042983cc186}</UniqueIdentifier>
    </Filter>
    <Filter Include="src\mason">
      <UniqueIdentifier>{07304d88-db80-4b55-bea0-9b2624d9d6f8}</UniqueIdentifier>
    </Filter>
    <Filter Include="src">
      <UniqueIdentifier>{415db2e4-f45a-4b65-9ed8-a0955ce25d24}</UniqueIdentifier>
    </Filter>
    <Filter Include="src\mason\ui">
      <UniqueIdentifier>{d6e8f194-a8b3-4048-ab8a-e796796774c0}</UniqueIdentifier>
    </Filter>
    <Filter Include="blocks\Cinder-View\src\ui">
      <UniqueIdentifier>{80543dc5-8026-4f50-a6f8-e56c7447af20}</UniqueIdentifier>
    </Filter>
    <Filter Include="blocks\Cinder-View\src">
      <UniqueIdentifier>{26a75bf2-822b-4b67-9ce1-9342e205ce5e}</UniqueIdentifier>
    </Filter>
    <Filter Include="blocks\Cinder-View">
      <UniqueIdentifier>{a6445d73-4527-439b-a6ee-7f727b83f075}</UniqueIdentifier>
    </Filter>
    <Filter Include="blocks">
      <UniqueIdentifier>{24c728a3-fc6d-4668-a040-3e297fac1690}</UniqueIdentifier>
    </Filter>
    <Filter Include="blocks\Cinder-View\src\cppformat">
      <UniqueIdentifier>{8bc3e19a-3466-4b90-91e5-8b3e12343f92}</UniqueIdentifier>
    </Filter>
    <Filter Include="blocks\Cinder-Profiler\src">
      <UniqueIdentifier>{7d052cf6-9021-4115-b5a9-46d527085284}</UniqueIdentifier>
    </Filter>
    <Filter Include="blocks\Cinder-Profiler">
      <UniqueIdentifier>{fdc72fe6-2956-4b09-8e37-2f69f6dbe9a2}</UniqueIdentifier>
    </Filter>
    <Filter Include="blocks\Cinder-View\src\mason">
      <UniqueIdentifier>{2255712f-efc7-45bf-8606-1527393c6f27}</UniqueIdentifier>
    </Filter>
  </ItemGroup>
  <ItemGroup>
    <ClCompile Include="..\..\src\EmptyTest.cpp">
      <Filter>test\MasonTests\src</Filter>
    </ClCompile>
    <ClCompile Include="..\..\src\HudTest.cpp">
      <Filter>test\MasonTests\src</Filter>
    </ClCompile>
    <ClCompile Include="..\..\src\MasonTestsApp.cpp">
      <Filter>test\MasonTests\src</Filter>
    </ClCompile>
    <ClCompile Include="..\..\src\MiscTest.cpp">
      <Filter>test\MasonTests\src</Filter>
    </ClCompile>
    <ClCompile Include="..\..\src\MotionTest.cpp">
      <Filter>test\MasonTests\src</Filter>
    </ClCompile>
    <ClCompile Include="..\..\src\motionjson\MotionJson.cpp">
      <Filter>test\MasonTests\src\motionjson</Filter>
    </ClCompile>
    <ClCompile Include="..\..\..\..\src\mason\Assets.cpp">
      <Filter>src\mason</Filter>
    </ClCompile>
    <ClCompile Include="..\..\..\..\src\mason\CameraFpsUi.cpp">
      <Filter>src\mason</Filter>
    </ClCompile>
    <ClCompile Include="..\..\..\..\src\mason\Common.cpp">
      <Filter>src\mason</Filter>
    </ClCompile>
    <ClCompile Include="..\..\..\..\src\mason\Config.cpp">
      <Filter>src\mason</Filter>
    </ClCompile>
    <ClCompile Include="..\..\..\..\src\mason\Dictionary.cpp">
      <Filter>src\mason</Filter>
    </ClCompile>
    <ClCompile Include="..\..\..\..\src\mason\FileWatcher.cpp">
      <Filter>src\mason</Filter>
    </ClCompile>
    <ClCompile Include="..\..\..\..\src\mason\Hud.cpp">
      <Filter>src\mason</Filter>
    </ClCompile>
    <ClCompile Include="..\..\..\..\src\mason\Notifications.cpp">
      <Filter>src\mason</Filter>
    </ClCompile>
    <ClCompile Include="..\..\..\..\src\mason\ParticleSystemGpu.cpp">
      <Filter>src\mason</Filter>
    </ClCompile>
    <ClCompile Include="..\..\..\..\src\mason\VisualMonitor.cpp">
      <Filter>src\mason</Filter>
    </ClCompile>
    <ClCompile Include="..\..\..\..\src\mason\WorldClock.cpp">
      <Filter>src\mason</Filter>
    </ClCompile>
    <ClCompile Include="..\..\..\..\src\mason\ui\Controls.cpp">
      <Filter>src\mason\ui</Filter>
    </ClCompile>
    <ClCompile Include="..\..\..\..\blocks\Cinder-View\src\ui\Button.cpp">
      <Filter>blocks\Cinder-View\src\ui</Filter>
    </ClCompile>
    <ClCompile Include="..\..\..\..\blocks\Cinder-View\src\ui\Control.cpp">
      <Filter>blocks\Cinder-View\src\ui</Filter>
    </ClCompile>
    <ClCompile Include="..\..\..\..\blocks\Cinder-View\src\ui\Filter.cpp">
      <Filter>blocks\Cinder-View\src\ui</Filter>
    </ClCompile>
    <ClCompile Include="..\..\..\..\blocks\Cinder-View\src\ui\Graph.cpp">
      <Filter>blocks\Cinder-View\src\ui</Filter>
    </ClCompile>
    <ClCompile Include="..\..\..\..\blocks\Cinder-View\src\ui\Image.cpp">
      <Filter>blocks\Cinder-View\src\ui</Filter>
    </ClCompile>
    <ClCompile Include="..\..\..\..\blocks\Cinder-View\src\ui\ImageView.cpp">
      <Filter>blocks\Cinder-View\src\ui</Filter>
    </ClCompile>
    <ClCompile Include="..\..\..\..\blocks\Cinder-View\src\ui\Interface3d.cpp">
      <Filter>blocks\Cinder-View\src\ui</Filter>
    </ClCompile>
    <ClCompile Include="..\..\..\..\blocks\Cinder-View\src\ui\Label.cpp">
      <Filter>blocks\Cinder-View\src\ui</Filter>
    </ClCompile>
    <ClCompile Include="..\..\..\..\blocks\Cinder-View\src\ui\Layer.cpp">
      <Filter>blocks\Cinder-View\src\ui</Filter>
    </ClCompile>
    <ClCompile Include="..\..\..\..\blocks\Cinder-View\src\ui\Layout.cpp">
      <Filter>blocks\Cinder-View\src\ui</Filter>
    </ClCompile>
    <ClCompile Include="..\..\..\..\blocks\Cinder-View\src\ui\Renderer.cpp">
      <Filter>blocks\Cinder-View\src\ui</Filter>
    </ClCompile>
    <ClCompile Include="..\..\..\..\blocks\Cinder-View\src\ui\ScrollView.cpp">
      <Filter>blocks\Cinder-View\src\ui</Filter>
    </ClCompile>
    <ClCompile Include="..\..\..\..\blocks\Cinder-View\src\ui\Selector.cpp">
      <Filter>blocks\Cinder-View\src\ui</Filter>
    </ClCompile>
    <ClCompile Include="..\..\..\..\blocks\Cinder-View\src\ui\Slider.cpp">
      <Filter>blocks\Cinder-View\src\ui</Filter>
    </ClCompile>
    <ClCompile Include="..\..\..\..\blocks\Cinder-View\src\ui\Suite.cpp">
      <Filter>blocks\Cinder-View\src\ui</Filter>
    </ClCompile>
    <ClCompile Include="..\..\..\..\blocks\Cinder-View\src\ui\TextManager.cpp">
      <Filter>blocks\Cinder-View\src\ui</Filter>
    </ClCompile>
    <ClCompile Include="..\..\..\..\blocks\Cinder-View\src\ui\View.cpp">
      <Filter>blocks\Cinder-View\src\ui</Filter>
    </ClCompile>
    <ClCompile Include="..\..\..\..\blocks\Cinder-View\src\cppformat\format.cc">
      <Filter>blocks\Cinder-View\src\cppformat</Filter>
    </ClCompile>
    <ClCompile Include="..\..\..\..\blocks\Cinder-Profiler\src\Profiler.cpp">
      <Filter>blocks\Cinder-Profiler\src</Filter>
    </ClCompile>
  </ItemGroup>
  <ItemGroup>
    <ClInclude Include="..\..\src\EmptyTest.h">
      <Filter>test\MasonTests\src</Filter>
    </ClInclude>
    <ClInclude Include="..\..\src\HudTest.h">
      <Filter>test\MasonTests\src</Filter>
    </ClInclude>
    <ClInclude Include="..\..\src\MiscTest.h">
      <Filter>test\MasonTests\src</Filter>
    </ClInclude>
    <ClInclude Include="..\..\src\MotionTest.h">
      <Filter>test\MasonTests\src</Filter>
    </ClInclude>
    <ClInclude Include="..\..\src\motionjson\MotionJson.h">
      <Filter>test\MasonTests\src\motionjson</Filter>
    </ClInclude>
    <ClInclude Include="..\..\..\..\src\mason\Assets.h">
      <Filter>src\mason</Filter>
    </ClInclude>
    <ClInclude Include="..\..\..\..\src\mason\CameraFpsUi.h">
      <Filter>src\mason</Filter>
    </ClInclude>
    <ClInclude Include="..\..\..\..\src\mason\Common.h">
      <Filter>src\mason</Filter>
    </ClInclude>
    <ClInclude Include="..\..\..\..\src\mason\Config.h">
      <Filter>src\mason</Filter>
    </ClInclude>
    <ClInclude Include="..\..\..\..\src\mason\Dictionary.h">
      <Filter>src\mason</Filter>
    </ClInclude>
    <ClInclude Include="..\..\..\..\src\mason\FileWatcher.h">
      <Filter>src\mason</Filter>
    </ClInclude>
    <ClInclude Include="..\..\..\..\src\mason\Hud.h">
      <Filter>src\mason</Filter>
    </ClInclude>
    <ClInclude Include="..\..\..\..\src\mason\Mason.h">
      <Filter>src\mason</Filter>
    </ClInclude>
    <ClInclude Include="..\..\..\..\src\mason\Notifications.h">
      <Filter>src\mason</Filter>
    </ClInclude>
    <ClInclude Include="..\..\..\..\src\mason\ParticleSystemGpu.h">
      <Filter>src\mason</Filter>
    </ClInclude>
    <ClInclude Include="..\..\..\..\src\mason\Profiling.h">
      <Filter>src\mason</Filter>
    </ClInclude>
    <ClInclude Include="..\..\..\..\src\mason\Var.h">
      <Filter>src\mason</Filter>
    </ClInclude>
    <ClInclude Include="..\..\..\..\src\mason\VisualMonitor.h">
      <Filter>src\mason</Filter>
    </ClInclude>
    <ClInclude Include="..\..\..\..\src\mason\WorldClock.h">
      <Filter>src\mason</Filter>
    </ClInclude>
    <ClInclude Include="..\..\..\..\src\mason\ui\Controls.h">
      <Filter>src\mason\ui</Filter>
    </ClInclude>
    <ClInclude Include="..\..\..\..\src\mason\ui\ShaderControls.h">
      <Filter>src\mason\ui</Filter>
    </ClInclude>
    <ClInclude Include="..\..\..\..\blocks\Cinder-View\src\ui\Button.h">
      <Filter>blocks\Cinder-View\src\ui</Filter>
    </ClInclude>
    <ClInclude Include="..\..\..\..\blocks\Cinder-View\src\ui\Control.h">
      <Filter>blocks\Cinder-View\src\ui</Filter>
    </ClInclude>
    <ClInclude Include="..\..\..\..\blocks\Cinder-View\src\ui\Filter.h">
      <Filter>blocks\Cinder-View\src\ui</Filter>
    </ClInclude>
    <ClInclude Include="..\..\..\..\blocks\Cinder-View\src\ui\Graph.h">
      <Filter>blocks\Cinder-View\src\ui</Filter>
    </ClInclude>
    <ClInclude Include="..\..\..\..\blocks\Cinder-View\src\ui\Image.h">
      <Filter>blocks\Cinder-View\src\ui</Filter>
    </ClInclude>
    <ClInclude Include="..\..\..\..\blocks\Cinder-View\src\ui\ImageView.h">
      <Filter>blocks\Cinder-View\src\ui</Filter>
    </ClInclude>
    <ClInclude Include="..\..\..\..\blocks\Cinder-View\src\ui\Interface3d.h">
      <Filter>blocks\Cinder-View\src\ui</Filter>
    </ClInclude>
    <ClInclude Include="..\..\..\..\blocks\Cinder-View\src\ui\Label.h">
      <Filter>blocks\Cinder-View\src\ui</Filter>
    </ClInclude>
    <ClInclude Include="..\..\..\..\blocks\Cinder-View\src\ui\Layer.h">
      <Filter>blocks\Cinder-View\src\ui</Filter>
    </ClInclude>
    <ClInclude Include="..\..\..\..\blocks\Cinder-View\src\ui\Layout.h">
      <Filter>blocks\Cinder-View\src\ui</Filter>
    </ClInclude>
    <ClInclude Include="..\..\..\..\blocks\Cinder-View\src\ui\Renderer.h">
      <Filter>blocks\Cinder-View\src\ui</Filter>
    </ClInclude>
    <ClInclude Include="..\..\..\..\blocks\Cinder-View\src\ui\ScrollView.h">
      <Filter>blocks\Cinder-View\src\ui</Filter>
    </ClInclude>
    <ClInclude Include="..\..\..\..\blocks\Cinder-View\src\ui\Selector.h">
      <Filter>blocks\Cinder-View\src\ui</Filter>
    </ClInclude>
    <ClInclude Include="..\..\..\..\blocks\Cinder-View\src\ui\Slider.h">
      <Filter>blocks\Cinder-View\src\ui</Filter>
    </ClInclude>
    <ClInclude Include="..\..\..\..\blocks\Cinder-View\src\ui\Suite.h">
      <Filter>blocks\Cinder-View\src\ui</Filter>
    </ClInclude>
    <ClInclude Include="..\..\..\..\blocks\Cinder-View\src\ui\TextManager.h">
      <Filter>blocks\Cinder-View\src\ui</Filter>
    </ClInclude>
    <ClInclude Include="..\..\..\..\blocks\Cinder-View\src\ui\ui.h">
      <Filter>blocks\Cinder-View\src\ui</Filter>
    </ClInclude>
    <ClInclude Include="..\..\..\..\blocks\Cinder-View\src\ui\View.h">
      <Filter>blocks\Cinder-View\src\ui</Filter>
    </ClInclude>
    <ClInclude Include="..\..\..\..\blocks\Cinder-View\src\mason\Factory.h">
      <Filter>blocks\Cinder-View\src\mason</Filter>
    </ClInclude>
    <ClInclude Include="..\..\..\..\blocks\Cinder-View\src\cppformat\format.h">
      <Filter>blocks\Cinder-View\src\cppformat</Filter>
    </ClInclude>
    <ClInclude Include="..\..\..\..\blocks\Cinder-Profiler\src\Profiler.h">
      <Filter>blocks\Cinder-Profiler\src</Filter>
    </ClInclude>
  </ItemGroup>
</Project>