Microsoft Visual Studio Solution File, Format Version 12.00
# Visual Studio 14
VisualStudioVersion = 14.0.25420.1
MinimumVisualStudioVersion = 10.0.40219.1
Project("{8BC9CEB8-8B4A-11D0-8D11-00A0C91BC942}") = "MasonTests", "MasonTests.vcxproj", "{E2BCD360-A33E-4099-9458-28E62E3EEA68}"
	ProjectSection(ProjectDependencies) = postProject
		{92B5BE70-DCAA-40E4-92D8-CC2B95AA28BE} = {92B5BE70-DCAA-40E4-92D8-CC2B95AA28BE}
		{D9BAF2A6-193F-4B77-A2CB-42B9966CF10B} = {D9BAF2A6-193F-4B77-A2CB-42B9966CF10B}
	EndProjectSection
EndProject
Project("{8BC9CEB8-8B4A-11D0-8D11-00A0C91BC942}") = "mason", "..\..\..\..\proj\vc2015\mason.vcxproj", "{D9BAF2A6-193F-4B77-A2CB-42B9966CF10B}"
	ProjectSection(ProjectDependencies) = postProject
		{92B5BE70-DCAA-40E4-92D8-CC2B95AA28BE} = {92B5BE70-DCAA-40E4-92D8-CC2B95AA28BE}
	EndProjectSection
EndProject
Project("{8BC9CEB8-8B4A-11D0-8D11-00A0C91BC942}") = "cinder", "..\..\..\..\..\..\cinder\proj\vc2015\cinder.vcxproj", "{92B5BE70-DCAA-40E4-92D8-CC2B95AA28BE}"
EndProject
Global
	GlobalSection(SolutionConfigurationPlatforms) = preSolution
		Debug_ANGLE|x64 = Debug_ANGLE|x64
		Debug_ANGLE|x86 = Debug_ANGLE|x86
		Debug_Shared|x64 = Debug_Shared|x64
		Debug_Shared|x86 = Debug_Shared|x86
		Debug|x64 = Debug|x64
		Debug|x86 = Debug|x86
		Release_ANGLE|x64 = Release_ANGLE|x64
		Release_ANGLE|x86 = Release_ANGLE|x86
		Release_Shared|x64 = Release_Shared|x64
		Release_Shared|x86 = Release_Shared|x86
		Release|x64 = Release|x64
		Release|x86 = Release|x86
	EndGlobalSection
	GlobalSection(ProjectConfigurationPlatforms) = postSolution
		{E2BCD360-A33E-4099-9458-28E62E3EEA68}.Debug_ANGLE|x64.ActiveCfg = Debug|x64
		{E2BCD360-A33E-4099-9458-28E62E3EEA68}.Debug_ANGLE|x64.Build.0 = Debug|x64
		{E2BCD360-A33E-4099-9458-28E62E3EEA68}.Debug_ANGLE|x86.ActiveCfg = Release|x64
		{E2BCD360-A33E-4099-9458-28E62E3EEA68}.Debug_ANGLE|x86.Build.0 = Release|x64
		{E2BCD360-A33E-4099-9458-28E62E3EEA68}.Debug_Shared|x64.ActiveCfg = Debug_Shared|x64
		{E2BCD360-A33E-4099-9458-28E62E3EEA68}.Debug_Shared|x64.Build.0 = Debug_Shared|x64
		{E2BCD360-A33E-4099-9458-28E62E3EEA68}.Debug_Shared|x86.ActiveCfg = Release|x64
		{E2BCD360-A33E-4099-9458-28E62E3EEA68}.Debug_Shared|x86.Build.0 = Release|x64
		{E2BCD360-A33E-4099-9458-28E62E3EEA68}.Debug|x64.ActiveCfg = Debug|x64
		{E2BCD360-A33E-4099-9458-28E62E3EEA68}.Debug|x64.Build.0 = Debug|x64
		{E2BCD360-A33E-4099-9458-28E62E3EEA68}.Debug|x86.ActiveCfg = Debug|x64
		{E2BCD360-A33E-4099-9458-28E62E3EEA68}.Release_ANGLE|x64.ActiveCfg = Release|x64
		{E2BCD360-A33E-4099-9458-28E62E3EEA68}.Release_ANGLE|x64.Build.0 = Release|x64
		{E2BCD360-A33E-4099-9458-28E62E3EEA68}.Release_ANGLE|x86.ActiveCfg = Release|x64
		{E2BCD360-A33E-4099-9458-28E62E3EEA68}.Release_ANGLE|x86.Build.0 = Release|x64
		{E2BCD360-A33E-4099-9458-28E62E3EEA68}.Release_Shared|x64.ActiveCfg = Release_Shared|x64
		{E2BCD360-A33E-4099-9458-28E62E3EEA68}.Release_Shared|x64.Build.0 = Release_Shared|x64
		{E2BCD360-A33E-4099-9458-28E62E3EEA68}.Release_Shared|x86.ActiveCfg = Release|x64
		{E2BCD360-A33E-4099-9458-28E62E3EEA68}.Release_Shared|x86.Build.0 = Release|x64
		{E2BCD360-A33E-4099-9458-28E62E3EEA68}.Release|x64.ActiveCfg = Release|x64
		{E2BCD360-A33E-4099-9458-28E62E3EEA68}.Release|x64.Build.0 = Release|x64
		{E2BCD360-A33E-4099-9458-28E62E3EEA68}.Release|x86.ActiveCfg = Release|x64
		{D9BAF2A6-193F-4B77-A2CB-42B9966CF10B}.Debug_ANGLE|x64.ActiveCfg = Debug|x64
		{D9BAF2A6-193F-4B77-A2CB-42B9966CF10B}.Debug_ANGLE|x64.Build.0 = Debug|x64
		{D9BAF2A6-193F-4B77-A2CB-42B9966CF10B}.Debug_ANGLE|x86.ActiveCfg = Release|x64
		{D9BAF2A6-193F-4B77-A2CB-42B9966CF10B}.Debug_ANGLE|x86.Build.0 = Release|x64
		{D9BAF2A6-193F-4B77-A2CB-42B9966CF10B}.Debug_Shared|x64.ActiveCfg = Debug_Shared|x64
		{D9BAF2A6-193F-4B77-A2CB-42B9966CF10B}.Debug_Shared|x64.Build.0 = Debug_Shared|x64
		{D9BAF2A6-193F-4B77-A2CB-42B9966CF10B}.Debug_Shared|x86.ActiveCfg = Release|x64
		{D9BAF2A6-193F-4B77-A2CB-42B9966CF10B}.Debug_Shared|x86.Build.0 = Release|x64
		{D9BAF2A6-193F-4B77-A2CB-42B9966CF10B}.Debug|x64.ActiveCfg = Debug|x64
		{D9BAF2A6-193F-4B77-A2CB-42B9966CF10B}.Debug|x64.Build.0 = Debug|x64
		{D9BAF2A6-193F-4B77-A2CB-42B9966CF10B}.Debug|x86.ActiveCfg = Debug|x64
		{D9BAF2A6-193F-4B77-A2CB-42B9966CF10B}.Release_ANGLE|x64.ActiveCfg = Release|x64
		{D9BAF2A6-193F-4B77-A2CB-42B9966CF10B}.Release_ANGLE|x64.Build.0 = Release|x64
		{D9BAF2A6-193F-4B77-A2CB-42B9966CF10B}.Release_ANGLE|x86.ActiveCfg = Release|x64
		{D9BAF2A6-193F-4B77-A2CB-42B9966CF10B}.Release_ANGLE|x86.Build.0 = Release|x64
		{D9BAF2A6-193F-4B77-A2CB-42B9966CF10B}.Release_Shared|x64.ActiveCfg = Release_Shared|x64
		{D9BAF2A6-193F-4B77-A2CB-42B9966CF10B}.Release_Shared|x64.Build.0 = Release_Shared|x64
		{D9BAF2A6-193F-4B77-A2CB-42B9966CF10B}.Release_Shared|x86.ActiveCfg = Release|x64
		{D9BAF2A6-193F-4B77-A2CB-42B9966CF10B}.Release_Shared|x86.Build.0 = Release|x64
		{D9BAF2A6-193F-4B77-A2CB-42B9966CF10B}.Release|x64.ActiveCfg = Release|x64
		{D9BAF2A6-193F-4B77-A2CB-42B9966CF10B}.Release|x64.Build.0 = Release|x64
		{D9BAF2A6-193F-4B77-A2CB-42B9966CF10B}.Release|x86.ActiveCfg = Release|x64
		{92B5BE70-DCAA-40E4-92D8-CC2B95AA28BE}.Debug_ANGLE|x64.ActiveCfg = Debug_ANGLE|x64
		{92B5BE70-DCAA-40E4-92D8-CC2B95AA28BE}.Debug_ANGLE|x64.Build.0 = Debug_ANGLE|x64
		{92B5BE70-DCAA-40E4-92D8-CC2B95AA28BE}.Debug_ANGLE|x86.ActiveCfg = Debug_ANGLE|Win32
		{92B5BE70-DCAA-40E4-92D8-CC2B95AA28BE}.Debug_ANGLE|x86.Build.0 = Debug_ANGLE|Win32
		{92B5BE70-DCAA-40E4-92D8-CC2B95AA28BE}.Debug_Shared|x64.ActiveCfg = Debug_Shared|x64
		{92B5BE70-DCAA-40E4-92D8-CC2B95AA28BE}.Debug_Shared|x64.Build.0 = Debug_Shared|x64
		{92B5BE70-DCAA-40E4-92D8-CC2B95AA28BE}.Debug_Shared|x86.ActiveCfg = Debug_Shared|Win32
		{92B5BE70-DCAA-40E4-92D8-CC2B95AA28BE}.Debug_Shared|x86.Build.0 = Debug_Shared|Win32
		{92B5BE70-DCAA-40E4-92D8-CC2B95AA28BE}.Debug|x64.ActiveCfg = Debug|x64
		{92B5BE70-DCAA-40E4-92D8-CC2B95AA28BE}.Debug|x64.Build.0 = Debug|x64
		{92B5BE70-DCAA-40E4-92D8-CC2B95AA28BE}.Debug|x86.ActiveCfg = Debug|Win32
		{92B5BE70-DCAA-40E4-92D8-CC2B95AA28BE}.Debug|x86.Build.0 = Debug|Win32
		{92B5BE70-DCAA-40E4-92D8-CC2B95AA28BE}.Release_ANGLE|x64.ActiveCfg = Release_ANGLE|x64
		{92B5BE70-DCAA-40E4-92D8-CC2B95AA28BE}.Release_ANGLE|x64.Build.0 = Release_ANGLE|x64
		{92B5BE70-DCAA-40E4-92D8-CC2B95AA28BE}.Release_ANGLE|x86.ActiveCfg = Release_ANGLE|Win32
		{92B5BE70-DCAA-40E4-92D8-CC2B95AA28BE}.Release_ANGLE|x86.Build.0 = Release_ANGLE|Win32
		{92B5BE70-DCAA-40E4-92D8-CC2B95AA28BE}.Release_Shared|x64.ActiveCfg = Release_Shared|x64
		{92B5BE70-DCAA-40E4-92D8-CC2B95AA28BE}.Release_Shared|x64.Build.0 = Release_Shared|x64
		{92B5BE70-DCAA-40E4-92D8-CC2B95AA28BE}.Release_Shared|x86.ActiveCfg = Release_Shared|Win32
		{92B5BE70-DCAA-40E4-92D8-CC2B95AA28BE}.Release_Shared|x86.Build.0 = Release_Shared|Win32
		{92B5BE70-DCAA-40E4-92D8-CC2B95AA28BE}.Release|x64.ActiveCfg = Release|x64
		{92B5BE70-DCAA-40E4-92D8-CC2B95AA28BE}.Release|x64.Build.0 = Release|x64
		{92B5BE70-DCAA-40E4-92D8-CC2B95AA28BE}.Release|x86.ActiveCfg = Release|Win32
		{92B5BE70-DCAA-40E4-92D8-CC2B95AA28BE}.Release|x86.Build.0 = Release|Win32
	EndGlobalSection
	GlobalSection(SolutionProperties) = preSolution
		HideSolutionNode = FALSE
	EndGlobalSection
EndGlobal
