<?xml version="1.0" encoding="utf-8"?>
<Project ToolsVersion="4.0" xmlns="http://schemas.microsoft.com/developer/msbuild/2003">
  <ItemGroup>
    <Filter Include="src">
      <UniqueIdentifier>{714c556a-f6d8-4496-a9ab-22ed0aada75c}</UniqueIdentifier>
    </Filter>
    <Filter Include="src\motionjson">
      <UniqueIdentifier>{f2faec5a-743e-4fe1-acbe-45c69ee92d51}</UniqueIdentifier>
    </Filter>
  </ItemGroup>
  <ItemGroup>
    <ClCompile Include="..\..\src\BlendingTest.cpp">
      <Filter>src</Filter>
    </ClCompile>
    <ClCompile Include="..\..\src\EmptyTest.cpp">
      <Filter>src</Filter>
    </ClCompile>
    <ClCompile Include="..\..\src\MasonTestsApp.cpp">
      <Filter>src</Filter>
    </ClCompile>
    <ClCompile Include="..\..\src\MiscTest.cpp">
      <Filter>src</Filter>
    </ClCompile>
    <ClCompile Include="..\..\src\MotionTest.cpp">
      <Filter>src</Filter>
    </ClCompile>
    <ClCompile Include="..\..\src\motionjson\MotionJson.cpp">
      <Filter>src\motionjson</Filter>
    </ClCompile>
    <ClCompile Include="..\..\src\HudTest.cpp">
      <Filter>src</Filter>
    </ClCompile>
  </ItemGroup>
  <ItemGroup>
    <ClInclude Include="..\..\src\BlendingTest.h">
      <Filter>src</Filter>
    </ClInclude>
    <ClInclude Include="..\..\src\EmptyTest.h">
      <Filter>src</Filter>
    </ClInclude>
    <ClInclude Include="..\..\src\MiscTest.h">
      <Filter>src</Filter>
    </ClInclude>
    <ClInclude Include="..\..\src\MotionTest.h">
      <Filter>src</Filter>
    </ClInclude>
    <ClInclude Include="..\..\src\motionjson\MotionJson.h">
      <Filter>src\motionjson</Filter>
    </ClInclude>
    <ClInclude Include="..\..\src\HudTest.h">
      <Filter>src</Filter>
    </ClInclude>
  </ItemGroup>
</Project>